Microsoft Visual Studio Solution File, Format Version 12.00
# Visual Studio Version 16
VisualStudioVersion = 16.0.0.0
MinimumVisualStudioVersion = 16.0.0.0
Project("{9A19103F-16F7-4668-BE54-9A1E7A4F7556}") = "BlazorCrudDotNet8", "BlazorCrudDotNet8\BlazorCrudDotNet8.csproj", "{386A2C0B-995B-4297-B473-70A687FD3B9F}"
EndProject
Project("{9A19103F-16F7-4668-BE54-9A1E7A4F7556}") = "BlazorCrudDotNet8.Client", "BlazorCrudDotNet8.Client\BlazorCrudDotNet8.Client.csproj", "{99813726-7BAB-4D92-9505-88280ED4856F}"
EndProject
Project("{FAE04EC0-301F-11D3-BF4B-00C04F79EFBC}") = "BlazorCrudDotNet8.ComponentTests", "BlazorCrudDotNet8.ComponentTests\BlazorCrudDotNet8.ComponentTests.csproj", "{5CFAF627-F774-4B76-871F-DF1CFCF9A8CA}"
EndProject
Project("{FAE04EC0-301F-11D3-BF4B-00C04F79EFBC}") = "BlazorCrudDotNet8.ClientComponentTests", "BlazorCrudDotNet8.ClientComponentTests\BlazorCrudDotNet8.ClientComponentTests.csproj", "{832D26A8-A2A0-4D56-8B0E-F095DD1163B6}"
EndProject
Project("{FAE04EC0-301F-11D3-BF4B-00C04F79EFBC}") = "BlazorCrudDotNet8.BusinessLogic", "BlazorCrudDotNet8.BusinessLogic\BlazorCrudDotNet8.BusinessLogic.csproj", "{2CA7DC37-6668-4925-BF93-A21EF59D32EF}"
EndProject
Project("{FAE04EC0-301F-11D3-BF4B-00C04F79EFBC}") = "BlazorCrudDotNet8.UnitTests", "BlazorCrudDotNet8.UnitTests\BlazorCrudDotNet8.UnitTests.csproj", "{5AEF0891-E658-49F1-B8DE-4F2607F06BFC}"
EndProject
Global
	GlobalSection(SolutionConfigurationPlatforms) = preSolution
		Debug|Any CPU = Debug|Any CPU
		Debug|x64 = Debug|x64
		Debug|x86 = Debug|x86
		Release|Any CPU = Release|Any CPU
		Release|x64 = Release|x64
		Release|x86 = Release|x86
	EndGlobalSection
	GlobalSection(ProjectConfigurationPlatforms) = postSolution
		{99813726-7BAB-4D92-9505-88280ED4856F}.Debug|Any CPU.ActiveCfg = Debug|Any CPU
		{99813726-7BAB-4D92-9505-88280ED4856F}.Debug|Any CPU.Build.0 = Debug|Any CPU
		{99813726-7BAB-4D92-9505-88280ED4856F}.Debug|x64.ActiveCfg = Debug|Any CPU
		{99813726-7BAB-4D92-9505-88280ED4856F}.Debug|x64.Build.0 = Debug|Any CPU
		{99813726-7BAB-4D92-9505-88280ED4856F}.Debug|x86.ActiveCfg = Debug|Any CPU
		{99813726-7BAB-4D92-9505-88280ED4856F}.Debug|x86.Build.0 = Debug|Any CPU
		{99813726-7BAB-4D92-9505-88280ED4856F}.Release|Any CPU.ActiveCfg = Release|Any CPU
		{99813726-7BAB-4D92-9505-88280ED4856F}.Release|Any CPU.Build.0 = Release|Any CPU
		{99813726-7BAB-4D92-9505-88280ED4856F}.Release|x64.ActiveCfg = Release|Any CPU
		{99813726-7BAB-4D92-9505-88280ED4856F}.Release|x64.Build.0 = Release|Any CPU
		{99813726-7BAB-4D92-9505-88280ED4856F}.Release|x86.ActiveCfg = Release|Any CPU
		{99813726-7BAB-4D92-9505-88280ED4856F}.Release|x86.Build.0 = Release|Any CPU
		{386A2C0B-995B-4297-B473-70A687FD3B9F}.Debug|Any CPU.ActiveCfg = Debug|Any CPU
		{386A2C0B-995B-4297-B473-70A687FD3B9F}.Debug|Any CPU.Build.0 = Debug|Any CPU
		{386A2C0B-995B-4297-B473-70A687FD3B9F}.Debug|x64.ActiveCfg = Debug|Any CPU
		{386A2C0B-995B-4297-B473-70A687FD3B9F}.Debug|x64.Build.0 = Debug|Any CPU
		{386A2C0B-995B-4297-B473-70A687FD3B9F}.Debug|x86.ActiveCfg = Debug|Any CPU
		{386A2C0B-995B-4297-B473-70A687FD3B9F}.Debug|x86.Build.0 = Debug|Any CPU
		{386A2C0B-995B-4297-B473-70A687FD3B9F}.Release|Any CPU.ActiveCfg = Release|Any CPU
		{386A2C0B-995B-4297-B473-70A687FD3B9F}.Release|Any CPU.Build.0 = Release|Any CPU
		{386A2C0B-995B-4297-B473-70A687FD3B9F}.Release|x64.ActiveCfg = Release|Any CPU
		{386A2C0B-995B-4297-B473-70A687FD3B9F}.Release|x64.Build.0 = Release|Any CPU
		{386A2C0B-995B-4297-B473-70A687FD3B9F}.Release|x86.ActiveCfg = Release|Any CPU
		{386A2C0B-995B-4297-B473-70A687FD3B9F}.Release|x86.Build.0 = Release|Any CPU
		{5CFAF627-F774-4B76-871F-DF1CFCF9A8CA}.Debug|Any CPU.ActiveCfg = Debug|Any CPU
		{5CFAF627-F774-4B76-871F-DF1CFCF9A8CA}.Debug|Any CPU.Build.0 = Debug|Any CPU
		{5CFAF627-F774-4B76-871F-DF1CFCF9A8CA}.Debug|x64.ActiveCfg = Debug|Any CPU
		{5CFAF627-F774-4B76-871F-DF1CFCF9A8CA}.Debug|x64.Build.0 = Debug|Any CPU
		{5CFAF627-F774-4B76-871F-DF1CFCF9A8CA}.Debug|x86.ActiveCfg = Debug|Any CPU
		{5CFAF627-F774-4B76-871F-DF1CFCF9A8CA}.Debug|x86.Build.0 = Debug|Any CPU
		{5CFAF627-F774-4B76-871F-DF1CFCF9A8CA}.Release|Any CPU.ActiveCfg = Release|Any CPU
		{5CFAF627-F774-4B76-871F-DF1CFCF9A8CA}.Release|Any CPU.Build.0 = Release|Any CPU
		{5CFAF627-F774-4B76-871F-DF1CFCF9A8CA}.Release|x64.ActiveCfg = Release|Any CPU
		{5CFAF627-F774-4B76-871F-DF1CFCF9A8CA}.Release|x64.Build.0 = Release|Any CPU
		{5CFAF627-F774-4B76-871F-DF1CFCF9A8CA}.Release|x86.ActiveCfg = Release|Any CPU
		{5CFAF627-F774-4B76-871F-DF1CFCF9A8CA}.Release|x86.Build.0 = Release|Any CPU
		{832D26A8-A2A0-4D56-8B0E-F095DD1163B6}.Debug|Any CPU.ActiveCfg = Debug|Any CPU
		{832D26A8-A2A0-4D56-8B0E-F095DD1163B6}.Debug|Any CPU.Build.0 = Debug|Any CPU
		{832D26A8-A2A0-4D56-8B0E-F095DD1163B6}.Debug|x64.ActiveCfg = Debug|Any CPU
		{832D26A8-A2A0-4D56-8B0E-F095DD1163B6}.Debug|x64.Build.0 = Debug|Any CPU
		{832D26A8-A2A0-4D56-8B0E-F095DD1163B6}.Debug|x86.ActiveCfg = Debug|Any CPU
		{832D26A8-A2A0-4D56-8B0E-F095DD1163B6}.Debug|x86.Build.0 = Debug|Any CPU
		{832D26A8-A2A0-4D56-8B0E-F095DD1163B6}.Release|Any CPU.ActiveCfg = Release|Any CPU
		{832D26A8-A2A0-4D56-8B0E-F095DD1163B6}.Release|Any CPU.Build.0 = Release|Any CPU
		{832D26A8-A2A0-4D56-8B0E-F095DD1163B6}.Release|x64.ActiveCfg = Release|Any CPU
		{832D26A8-A2A0-4D56-8B0E-F095DD1163B6}.Release|x64.Build.0 = Release|Any CPU
		{832D26A8-A2A0-4D56-8B0E-F095DD1163B6}.Release|x86.ActiveCfg = Release|Any CPU
		{832D26A8-A2A0-4D56-8B0E-F095DD1163B6}.Release|x86.Build.0 = Release|Any CPU
		{2CA7DC37-6668-4925-BF93-A21EF59D32EF}.Debug|Any CPU.ActiveCfg = Debug|Any CPU
		{2CA7DC37-6668-4925-BF93-A21EF59D32EF}.Debug|Any CPU.Build.0 = Debug|Any CPU
		{2CA7DC37-6668-4925-BF93-A21EF59D32EF}.Debug|x64.ActiveCfg = Debug|Any CPU
		{2CA7DC37-6668-4925-BF93-A21EF59D32EF}.Debug|x64.Build.0 = Debug|Any CPU
		{2CA7DC37-6668-4925-BF93-A21EF59D32EF}.Debug|x86.ActiveCfg = Debug|Any CPU
		{2CA7DC37-6668-4925-BF93-A21EF59D32EF}.Debug|x86.Build.0 = Debug|Any CPU
		{2CA7DC37-6668-4925-BF93-A21EF59D32EF}.Release|Any CPU.ActiveCfg = Release|Any CPU
		{2CA7DC37-6668-4925-BF93-A21EF59D32EF}.Release|Any CPU.Build.0 = Release|Any CPU
		{2CA7DC37-6668-4925-BF93-A21EF59D32EF}.Release|x64.ActiveCfg = Release|Any CPU
		{2CA7DC37-6668-4925-BF93-A21EF59D32EF}.Release|x64.Build.0 = Release|Any CPU
		{2CA7DC37-6668-4925-BF93-A21EF59D32EF}.Release|x86.ActiveCfg = Release|Any CPU
		{2CA7DC37-6668-4925-BF93-A21EF59D32EF}.Release|x86.Build.0 = Release|Any CPU
		{5AEF0891-E658-49F1-B8DE-4F2607F06BFC}.Debug|Any CPU.ActiveCfg = Debug|Any CPU
		{5AEF0891-E658-49F1-B8DE-4F2607F06BFC}.Debug|Any CPU.Build.0 = Debug|Any CPU
		{5AEF0891-E658-49F1-B8DE-4F2607F06BFC}.Debug|x64.ActiveCfg = Debug|Any CPU
		{5AEF0891-E658-49F1-B8DE-4F2607F06BFC}.Debug|x64.Build.0 = Debug|Any CPU
		{5AEF0891-E658-49F1-B8DE-4F2607F06BFC}.Debug|x86.ActiveCfg = Debug|Any CPU
		{5AEF0891-E658-49F1-B8DE-4F2607F06BFC}.Debug|x86.Build.0 = Debug|Any CPU
		{5AEF0891-E658-49F1-B8DE-4F2607F06BFC}.Release|Any CPU.ActiveCfg = Release|Any CPU
		{5AEF0891-E658-49F1-B8DE-4F2607F06BFC}.Release|Any CPU.Build.0 = Release|Any CPU
		{5AEF0891-E658-49F1-B8DE-4F2607F06BFC}.Release|x64.ActiveCfg = Release|Any CPU
		{5AEF0891-E658-49F1-B8DE-4F2607F06BFC}.Release|x64.Build.0 = Release|Any CPU
		{5AEF0891-E658-49F1-B8DE-4F2607F06BFC}.Release|x86.ActiveCfg = Release|Any CPU
		{5AEF0891-E658-49F1-B8DE-4F2607F06BFC}.Release|x86.Build.0 = Release|Any CPU
	EndGlobalSection
	GlobalSection(SolutionProperties) = preSolution
		HideSolutionNode = FALSE
	EndGlobalSection
	GlobalSection(ExtensibilityGlobals) = postSolution
		SolutionGuid = {6B94E297-4590-4D96-A215-F8F3381B88C8}
	EndGlobalSection
EndGlobal
